<?xml version="1.0" encoding="utf-8"?>
<Project ToolsVersion="4.0" xmlns="http://schemas.microsoft.com/developer/msbuild/2003">
  <ItemGroup>
    <Filter Include="application">
      <UniqueIdentifier>{a1000000-0000-0000-0000-000000000001}</UniqueIdentifier>
    </Filter>
    <Filter Include="application\scene">
      <UniqueIdentifier>{a1000000-0000-0000-0000-000000000002}</UniqueIdentifier>
    </Filter>
    <Filter Include="application\scene\Sample">
      <UniqueIdentifier>{a1000000-0000-0000-0000-000000000003}</UniqueIdentifier>
    </Filter>
    <Filter Include="application\scene\Title">
      <UniqueIdentifier>{a1000000-0000-0000-0000-000000000004}</UniqueIdentifier>
    </Filter>
    <Filter Include="application\scene\Option">
      <UniqueIdentifier>{a1000000-0000-0000-0000-000000000005}</UniqueIdentifier>
    </Filter>
    <Filter Include="application\scene\Stage">
      <UniqueIdentifier>{a1000000-0000-0000-0000-000000000008}</UniqueIdentifier>
    </Filter>
    <Filter Include="application\settings">
      <UniqueIdentifier>{a1000000-0000-0000-0000-000000000006}</UniqueIdentifier>
    </Filter>
    <Filter Include="application\audio">
      <UniqueIdentifier>{a1000000-0000-0000-0000-000000000007}</UniqueIdentifier>
    </Filter>
    <Filter Include="application\scene\member">
      <UniqueIdentifier>{43d96ebc-227e-466f-937d-9cb0ce803ab3}</UniqueIdentifier>
    </Filter>
  </ItemGroup>
  <ItemGroup>
    <ClCompile Include="main.cpp" />
    <ClCompile Include="FadeScreen.cpp" />
    <ClCompile Include="application\Order.cpp">
      <Filter>application</Filter>
    </ClCompile>
    <ClCompile Include="application\scene\SceneRegistration.cpp">
      <Filter>application\scene</Filter>
    </ClCompile>
    <ClCompile Include="application\scene\Sample\SampleScene.cpp">
      <Filter>application\scene\Sample</Filter>
    </ClCompile>
    <ClCompile Include="application\scene\Title\TitleScene.cpp">
      <Filter>application\scene\Title</Filter>
    </ClCompile>
    <ClCompile Include="application\scene\Option\OptionScene.cpp">
      <Filter>application\scene\Option</Filter>
    </ClCompile>
    <ClCompile Include="application\scene\Stage\StageScene.cpp">
      <Filter>application\scene\Stage</Filter>
    </ClCompile>
    <ClCompile Include="application\Stage\FollowCamera.cpp">
      <Filter>application\scene\Stage</Filter>
    </ClCompile>
    <ClCompile Include="application\Stage\Player.cpp">
      <Filter>application\scene\Stage</Filter>
    </ClCompile>
    <ClCompile Include="application\Stage\Field.cpp">
      <Filter>application\scene\Stage</Filter>
    </ClCompile>
    <ClCompile Include="application\Stage\Item.cpp">
      <Filter>application\scene\Stage</Filter>
    </ClCompile>
    <ClCompile Include="application\Stage\Workbench.cpp">
      <Filter>application\scene\Stage</Filter>
    </ClCompile>
    <ClCompile Include="application\Stage\PartCatalog.cpp">
      <Filter>application\scene\Stage</Filter>
    </ClCompile>
    <ClCompile Include="application\settings\Settings.cpp">
      <Filter>application\settings</Filter>
    </ClCompile>
    <ClCompile Include="application\audio\AudioManager.cpp">
      <Filter>application\audio</Filter>
    </ClCompile>
    <ClCompile Include="application\scene\Member\nagaiScene.cpp">
      <Filter>application\scene\member</Filter>
    </ClCompile>
    <ClCompile Include="application\scene\Member\OnoderaScene.cpp">
      <Filter>application\scene\member</Filter>
    </ClCompile>
    <ClCompile Include="application\Stage\Cannon.cpp">
      <Filter>application\scene\member</Filter>
    </ClCompile>
    <ClCompile Include="application\Stage\Bullet.cpp">
      <Filter>application\scene\member</Filter>
    </ClCompile>
    <ClCompile Include="application\Stage\Castle.cpp">
      <Filter>application\scene\member</Filter>
    </ClCompile>
    <ClCompile Include="application\Stage\VisualManager.cpp" />
    <ClCompile Include="application\Stage\StageEnvironment.cpp">
      <Filter>application\scene\member</Filter>
    </ClCompile>
    <ClCompile Include="application\Stage\BulletManager.cpp">
      <Filter>application\scene\member</Filter>
    </ClCompile>
    <ClCompile Include="application\Stage\EnemyConveyor.cpp">
      <Filter>application\scene\member</Filter>
    </ClCompile>
    <ClCompile Include="application\Stage\ItemField.cpp">
      <Filter>application\scene\member</Filter>
    </ClCompile>
    <ClCompile Include="application\Stage\StageCameraController.cpp">
      <Filter>application\scene\member</Filter>
    </ClCompile>
  </ItemGroup>
  <ItemGroup>
    <ClInclude Include="FadeScreen.h" />
    <ClInclude Include="application\Order.h">
      <Filter>application</Filter>
    </ClInclude>
    <ClInclude Include="application\scene\GameScenes.h">
      <Filter>application\scene</Filter>
    </ClInclude>
    <ClInclude Include="application\scene\SceneRegistration.h">
      <Filter>application\scene</Filter>
    </ClInclude>
    <ClInclude Include="application\scene\Sample\SampleScene.h">
      <Filter>application\scene\Sample</Filter>
    </ClInclude>
    <ClInclude Include="application\scene\Title\TitleScene.h">
      <Filter>application\scene\Title</Filter>
    </ClInclude>
    <ClInclude Include="application\scene\Option\OptionScene.h">
      <Filter>application\scene\Option</Filter>
    </ClInclude>
    <ClInclude Include="application\scene\Stage\StageScene.h">
      <Filter>application\scene\Stage</Filter>
    </ClInclude>
    <ClInclude Include="application\Stage\FollowCamera.h">
      <Filter>application\scene\Stage</Filter>
    </ClInclude>
    <ClInclude Include="application\Stage\Player.h">
      <Filter>application\scene\Stage</Filter>
    </ClInclude>
    <ClInclude Include="application\Stage\Field.h">
      <Filter>application\scene\Stage</Filter>
    </ClInclude>
    <ClInclude Include="application\Stage\Item.h">
      <Filter>application\scene\Stage</Filter>
    </ClInclude>
    <ClInclude Include="application\Stage\Workbench.h">
      <Filter>application\scene\Stage</Filter>
    </ClInclude>
    <ClInclude Include="application\Stage\PartCatalog.h">
      <Filter>application\scene\Stage</Filter>
    </ClInclude>
    <ClInclude Include="application\settings\Settings.h">
      <Filter>application\settings</Filter>
    </ClInclude>
    <ClInclude Include="application\audio\AudioManager.h">
      <Filter>application\audio</Filter>
    </ClInclude>
    <ClInclude Include="application\scene\Member\OnoderaScene.h">
      <Filter>application\scene\member</Filter>
    </ClInclude>
    <ClInclude Include="application\scene\Member\nagaiScene.h">
      <Filter>application\scene\member</Filter>
    </ClInclude>
    <ClInclude Include="application\Stage\Cannon.h">
      <Filter>application\scene\member</Filter>
    </ClInclude>
    <ClInclude Include="application\Stage\Bullet.h">
      <Filter>application\scene\member</Filter>
    </ClInclude>
    <ClInclude Include="application\Stage\Castle.h">
      <Filter>application\scene\member</Filter>
    </ClInclude>
    <ClInclude Include="application\Stage\StatusEffect.h">
      <Filter>application\scene\member</Filter>
    </ClInclude>
    <ClInclude Include="application\Stage\VisualManager.h" />
    <ClInclude Include="application\Stage\StageLayout.h">
      <Filter>application\scene\member</Filter>
    </ClInclude>
    <ClInclude Include="application\Stage\StageEnvironment.h">
      <Filter>application\scene\member</Filter>
    </ClInclude>
    <ClInclude Include="application\Stage\BulletManager.h">
      <Filter>application\scene\member</Filter>
    </ClInclude>
    <ClInclude Include="application\Stage\EnemyConveyor.h">
      <Filter>application\scene\member</Filter>
    </ClInclude>
    <ClInclude Include="application\Stage\ItemField.h">
      <Filter>application\scene\member</Filter>
    </ClInclude>
    <ClInclude Include="application\Stage\StageCameraController.h">
      <Filter>application\scene\member</Filter>
    </ClInclude>
  </ItemGroup>
</Project>